{
  "name": "zbproject",
  "version": "1.0.1",
  "lockfileVersion": 3,
  "requires": true,
  "packages": {
    "": {
      "name": "zbproject",
      "version": "1.0.1",
      "license": "ISC",
      "dependencies": {
        "crypto-js": "^4.1.1",
        "miniprogram-api-promise": "^1.0.4",
        "mobx-miniprogram": "^4.13.2",
        "mobx-miniprogram-bindings": "^1.2.1"
      }
    },
    "node_modules/crypto-js": {
      "version": "4.1.1",
      "resolved": "https://registry.npmjs.org/crypto-js/-/crypto-js-4.1.1.tgz",
      "integrity": "sha512-o2JlM7ydqd3Qk9CA0L4NL6mTzU2sdx96a+oOfPu8Mkl/PK51vSyoi8/rQ8NknZtk44vq15lmhAj9CIAGwgeWKw==",
      "license": "MIT"
    },
    "node_modules/miniprogram-api-promise": {
      "version": "1.0.4",
      "resolved": "https://registry.npmjs.org/miniprogram-api-promise/-/miniprogram-api-promise-1.0.4.tgz",
      "integrity": "sha512-lS2ukj03Ugy8IJUDmdssklLT4kjzyRtVYwErhyDZkzxtqcxaed2xldRgNrsikigeMUBR9gAs7wgnjSKPlyKIYg==",
      "license": "ISC"
    },
    "node_modules/mobx-miniprogram": {
      "version": "4.13.2",
      "resolved": "https://registry.npmjs.org/mobx-miniprogram/-/mobx-miniprogram-4.13.2.tgz",
      "integrity": "sha512-C3HtkqHCLKp35N2gXA80yFD6PNfSqwioPFmnjTQpBLrEqYm1F6yiWZ57CW+8FqgmR306mw6ZfsM5q7hSTHw8BQ==",
      "license": "MIT"
    },
    "node_modules/mobx-miniprogram-bindings": {
      "version": "1.2.1",
      "resolved": "https://registry.npmjs.org/mobx-miniprogram-bindings/-/mobx-miniprogram-bindings-1.2.1.tgz",
      "integrity": "sha512-OleJ0IIc4g8rC7ul0wtn+imapVQvWo/1UxZyvdMrfwcenmHBjY4Bddr90RoIwkM+Ul7nOxsYdsmOsB/mZ0PJmA==",
      "license": "MIT",
      "peerDependencies": {
        "mobx-miniprogram": "^4.0.0"
      }
    }
  }
}
